// !$*UTF8*$!
{
	archiveVersion = 1;
	classes = {
	};
	objectVersion = 46;
	objects = {

/* Begin PBXBuildFile section */
		B91950881D4D2806001BCA5F /* AppDelegate.swift in Sources */ = {isa = PBXBuildFile; fileRef = B91950871D4D2806001BCA5F /* AppDelegate.swift */; };
		B919508A1D4D2806001BCA5F /* ViewController.swift in Sources */ = {isa = PBXBuildFile; fileRef = B91950891D4D2806001BCA5F /* ViewController.swift */; };
		B919508F1D4D2806001BCA5F /* Assets.xcassets in Resources */ = {isa = PBXBuildFile; fileRef = B919508E1D4D2806001BCA5F /* Assets.xcassets */; };
		B91950921D4D2806001BCA5F /* LaunchScreen.storyboard in Resources */ = {isa = PBXBuildFile; fileRef = B91950901D4D2806001BCA5F /* LaunchScreen.storyboard */; };
		B919509D1D4D2806001BCA5F /* FirebaseDatabaseTests.swift in Sources */ = {isa = PBXBuildFile; fileRef = B919509C1D4D2806001BCA5F /* FirebaseDatabaseTests.swift */; };
		B91950A81D4D2806001BCA5F /* FirebaseDatabaseUITests.swift in Sources */ = {isa = PBXBuildFile; fileRef = B91950A71D4D2806001BCA5F /* FirebaseDatabaseUITests.swift */; };
		B91950B61D4D287C001BCA5F /* GoogleService-Info.plist in Resources */ = {isa = PBXBuildFile; fileRef = B91950B51D4D287C001BCA5F /* GoogleService-Info.plist */; };
		B96F120C1D4D5BE600CAD3FB /* Main.storyboard in Resources */ = {isa = PBXBuildFile; fileRef = B96F120A1D4D5BE600CAD3FB /* Main.storyboard */; };
		BF5E0DBEF3F850CDAAC90D8E /* libPods-FirebaseDatabase.a in Frameworks */ = {isa = PBXBuildFile; fileRef = 40B4BB9AE11A4AABE1E59ABB /* libPods-FirebaseDatabase.a */; };
/* End PBXBuildFile section */

/* Begin PBXContainerItemProxy section */
		B91950991D4D2806001BCA5F /* PBXContainerItemProxy */ = {
			isa = PBXContainerItemProxy;
			containerPortal = B919507C1D4D2806001BCA5F /* Project object */;
			proxyType = 1;
			remoteGlobalIDString = B91950831D4D2806001BCA5F;
			remoteInfo = FirebaseDatabase;
		};
		B91950A41D4D2806001BCA5F /* PBXContainerItemProxy */ = {
			isa = PBXContainerItemProxy;
			containerPortal = B919507C1D4D2806001BCA5F /* Project object */;
			proxyType = 1;
			remoteGlobalIDString = B91950831D4D2806001BCA5F;
			remoteInfo = FirebaseDatabase;
		};
/* End PBXContainerItemProxy section */

/* Begin PBXFileReference section */
		077B20F0AD13E1422076AF4F /* Pods-FirebaseDatabase.debug.xcconfig */ = {isa = PBXFileReference; includeInIndex = 1; lastKnownFileType = text.xcconfig; name = "Pods-FirebaseDatabase.debug.xcconfig"; path = "Pods/Target Support Files/Pods-FirebaseDatabase/Pods-FirebaseDatabase.debug.xcconfig"; sourceTree = "<group>"; };
		1388EB09BDF7066F6FAE76C2 /* Pods-FirebaseDatabase.release.xcconfig */ = {isa = PBXFileReference; includeInIndex = 1; lastKnownFileType = text.xcconfig; name = "Pods-FirebaseDatabase.release.xcconfig"; path = "Pods/Target Support Files/Pods-FirebaseDatabase/Pods-FirebaseDatabase.release.xcconfig"; sourceTree = "<group>"; };
		40B4BB9AE11A4AABE1E59ABB /* libPods-FirebaseDatabase.a */ = {isa = PBXFileReference; explicitFileType = archive.ar; includeInIndex = 0; path = "libPods-FirebaseDatabase.a"; sourceTree = BUILT_PRODUCTS_DIR; };
		B91950841D4D2806001BCA5F /* FirebaseDatabase.app */ = {isa = PBXFileReference; explicitFileType = wrapper.application; includeInIndex = 0; path = FirebaseDatabase.app; sourceTree = BUILT_PRODUCTS_DIR; };
		B91950871D4D2806001BCA5F /* AppDelegate.swift */ = {isa = PBXFileReference; lastKnownFileType = sourcecode.swift; path = AppDelegate.swift; sourceTree = "<group>"; };
		B91950891D4D2806001BCA5F /* ViewController.swift */ = {isa = PBXFileReference; lastKnownFileType = sourcecode.swift; path = ViewController.swift; sourceTree = "<group>"; };
		B919508E1D4D2806001BCA5F /* Assets.xcassets */ = {isa = PBXFileReference; lastKnownFileType = folder.assetcatalog; path = Assets.xcassets; sourceTree = "<group>"; };
		B91950911D4D2806001BCA5F /* Base */ = {isa = PBXFileReference; lastKnownFileType = file.storyboard; name = Base; path = Base.lproj/LaunchScreen.storyboard; sourceTree = "<group>"; };
		B91950931D4D2806001BCA5F /* Info.plist */ = {isa = PBXFileReference; lastKnownFileType = text.plist.xml; path = Info.plist; sourceTree = "<group>"; };
		B91950981D4D2806001BCA5F /* FirebaseDatabaseTests.xctest */ = {isa = PBXFileReference; explicitFileType = wrapper.cfbundle; includeInIndex = 0; path = FirebaseDatabaseTests.xctest; sourceTree = BUILT_PRODUCTS_DIR; };
		B919509C1D4D2806001BCA5F /* FirebaseDatabaseTests.swift */ = {isa = PBXFileReference; lastKnownFileType = sourcecode.swift; path = FirebaseDatabaseTests.swift; sourceTree = "<group>"; };
		B919509E1D4D2806001BCA5F /* Info.plist */ = {isa = PBXFileReference; lastKnownFileType = text.plist.xml; path = Info.plist; sourceTree = "<group>"; };
		B91950A31D4D2806001BCA5F /* FirebaseDatabaseUITests.xctest */ = {isa = PBXFileReference; explicitFileType = wrapper.cfbundle; includeInIndex = 0; path = FirebaseDatabaseUITests.xctest; sourceTree = BUILT_PRODUCTS_DIR; };
		B91950A71D4D2806001BCA5F /* FirebaseDatabaseUITests.swift */ = {isa = PBXFileReference; lastKnownFileType = sourcecode.swift; path = FirebaseDatabaseUITests.swift; sourceTree = "<group>"; };
		B91950A91D4D2806001BCA5F /* Info.plist */ = {isa = PBXFileReference; lastKnownFileType = text.plist.xml; path = Info.plist; sourceTree = "<group>"; };
		B91950B51D4D287C001BCA5F /* GoogleService-Info.plist */ = {isa = PBXFileReference; fileEncoding = 4; lastKnownFileType = text.plist.xml; path = "GoogleService-Info.plist"; sourceTree = "<group>"; };
		B96F120B1D4D5BE600CAD3FB /* Base */ = {isa = PBXFileReference; lastKnownFileType = file.storyboard; name = Base; path = Base.lproj/Main.storyboard; sourceTree = "<group>"; };
		B997DFA31D596C8B00FA92FE /* FirebaseDatabase.entitlements */ = {isa = PBXFileReference; lastKnownFileType = text.xml; path = FirebaseDatabase.entitlements; sourceTree = "<group>"; };
/* End PBXFileReference section */

/* Begin PBXFrameworksBuildPhase section */
		B91950811D4D2806001BCA5F /* Frameworks */ = {
			isa = PBXFrameworksBuildPhase;
			buildActionMask = 2147483647;
			files = (
				BF5E0DBEF3F850CDAAC90D8E /* libPods-FirebaseDatabase.a in Frameworks */,
			);
			runOnlyForDeploymentPostprocessing = 0;
		};
		B91950951D4D2806001BCA5F /* Frameworks */ = {
			isa = PBXFrameworksBuildPhase;
			buildActionMask = 2147483647;
			files = (
			);
			runOnlyForDeploymentPostprocessing = 0;
		};
		B91950A01D4D2806001BCA5F /* Frameworks */ = {
			isa = PBXFrameworksBuildPhase;
			buildActionMask = 2147483647;
			files = (
			);
			runOnlyForDeploymentPostprocessing = 0;
		};
/* End PBXFrameworksBuildPhase section */

/* Begin PBXGroup section */
		09D7A47C3D66450F71B3F3A7 /* Frameworks */ = {
			isa = PBXGroup;
			children = (
				40B4BB9AE11A4AABE1E59ABB /* libPods-FirebaseDatabase.a */,
			);
			name = Frameworks;
			sourceTree = "<group>";
		};
		B919507B1D4D2806001BCA5F = {
			isa = PBXGroup;
			children = (
				B91950861D4D2806001BCA5F /* FirebaseDatabase */,
				B919509B1D4D2806001BCA5F /* FirebaseDatabaseTests */,
				B91950A61D4D2806001BCA5F /* FirebaseDatabaseUITests */,
				B91950851D4D2806001BCA5F /* Products */,
				E63C2C537E8C0588DB4DA776 /* Pods */,
				09D7A47C3D66450F71B3F3A7 /* Frameworks */,
			);
			sourceTree = "<group>";
		};
		B91950851D4D2806001BCA5F /* Products */ = {
			isa = PBXGroup;
			children = (
				B91950841D4D2806001BCA5F /* FirebaseDatabase.app */,
				B91950981D4D2806001BCA5F /* FirebaseDatabaseTests.xctest */,
				B91950A31D4D2806001BCA5F /* FirebaseDatabaseUITests.xctest */,
			);
			name = Products;
			sourceTree = "<group>";
		};
		B91950861D4D2806001BCA5F /* FirebaseDatabase */ = {
			isa = PBXGroup;
			children = (
				B997DFA31D596C8B00FA92FE /* FirebaseDatabase.entitlements */,
				B91950B51D4D287C001BCA5F /* GoogleService-Info.plist */,
				B91950871D4D2806001BCA5F /* AppDelegate.swift */,
				B91950891D4D2806001BCA5F /* ViewController.swift */,
				B96F120A1D4D5BE600CAD3FB /* Main.storyboard */,
				B919508E1D4D2806001BCA5F /* Assets.xcassets */,
				B91950901D4D2806001BCA5F /* LaunchScreen.storyboard */,
				B91950931D4D2806001BCA5F /* Info.plist */,
			);
			path = FirebaseDatabase;
			sourceTree = "<group>";
		};
		B919509B1D4D2806001BCA5F /* FirebaseDatabaseTests */ = {
			isa = PBXGroup;
			children = (
				B919509C1D4D2806001BCA5F /* FirebaseDatabaseTests.swift */,
				B919509E1D4D2806001BCA5F /* Info.plist */,
			);
			path = FirebaseDatabaseTests;
			sourceTree = "<group>";
		};
		B91950A61D4D2806001BCA5F /* FirebaseDatabaseUITests */ = {
			isa = PBXGroup;
			children = (
				B91950A71D4D2806001BCA5F /* FirebaseDatabaseUITests.swift */,
				B91950A91D4D2806001BCA5F /* Info.plist */,
			);
			path = FirebaseDatabaseUITests;
			sourceTree = "<group>";
		};
		E63C2C537E8C0588DB4DA776 /* Pods */ = {
			isa = PBXGroup;
			children = (
				077B20F0AD13E1422076AF4F /* Pods-FirebaseDatabase.debug.xcconfig */,
				1388EB09BDF7066F6FAE76C2 /* Pods-FirebaseDatabase.release.xcconfig */,
			);
			name = Pods;
			sourceTree = "<group>";
		};
/* End PBXGroup section */

/* Begin PBXNativeTarget section */
		B91950831D4D2806001BCA5F /* FirebaseDatabase */ = {
			isa = PBXNativeTarget;
			buildConfigurationList = B91950AC1D4D2806001BCA5F /* Build configuration list for PBXNativeTarget "FirebaseDatabase" */;
			buildPhases = (
				E32A3740E9C636A9926F0B4E /* [CP] Check Pods Manifest.lock */,
				B91950801D4D2806001BCA5F /* Sources */,
				B91950811D4D2806001BCA5F /* Frameworks */,
				B91950821D4D2806001BCA5F /* Resources */,
				EB6479151B53C0C5E5AAC13D /* [CP] Embed Pods Frameworks */,
				23440C7F23FC24EABAFC36FC /* [CP] Copy Pods Resources */,
			);
			buildRules = (
			);
			dependencies = (
			);
			name = FirebaseDatabase;
			productName = FirebaseDatabase;
			productReference = B91950841D4D2806001BCA5F /* FirebaseDatabase.app */;
			productType = "com.apple.product-type.application";
		};
		B91950971D4D2806001BCA5F /* FirebaseDatabaseTests */ = {
			isa = PBXNativeTarget;
			buildConfigurationList = B91950AF1D4D2806001BCA5F /* Build configuration list for PBXNativeTarget "FirebaseDatabaseTests" */;
			buildPhases = (
				B91950941D4D2806001BCA5F /* Sources */,
				B91950951D4D2806001BCA5F /* Frameworks */,
				B91950961D4D2806001BCA5F /* Resources */,
			);
			buildRules = (
			);
			dependencies = (
				B919509A1D4D2806001BCA5F /* PBXTargetDependency */,
			);
			name = FirebaseDatabaseTests;
			productName = FirebaseDatabaseTests;
			productReference = B91950981D4D2806001BCA5F /* FirebaseDatabaseTests.xctest */;
			productType = "com.apple.product-type.bundle.unit-test";
		};
		B91950A21D4D2806001BCA5F /* FirebaseDatabaseUITests */ = {
			isa = PBXNativeTarget;
			buildConfigurationList = B91950B21D4D2806001BCA5F /* Build configuration list for PBXNativeTarget "FirebaseDatabaseUITests" */;
			buildPhases = (
				B919509F1D4D2806001BCA5F /* Sources */,
				B91950A01D4D2806001BCA5F /* Frameworks */,
				B91950A11D4D2806001BCA5F /* Resources */,
			);
			buildRules = (
			);
			dependencies = (
				B91950A51D4D2806001BCA5F /* PBXTargetDependency */,
			);
			name = FirebaseDatabaseUITests;
			productName = FirebaseDatabaseUITests;
			productReference = B91950A31D4D2806001BCA5F /* FirebaseDatabaseUITests.xctest */;
			productType = "com.apple.product-type.bundle.ui-testing";
		};
/* End PBXNativeTarget section */

/* Begin PBXProject section */
		B919507C1D4D2806001BCA5F /* Project object */ = {
			isa = PBXProject;
			attributes = {
				LastSwiftUpdateCheck = 0730;
				LastUpgradeCheck = 0820;
				ORGANIZATIONNAME = "Julian Abhari";
				TargetAttributes = {
					B91950831D4D2806001BCA5F = {
						CreatedOnToolsVersion = 7.3.1;
						DevelopmentTeam = C5S95AW3GU;
						DevelopmentTeamName = "Anne Abhari";
						LastSwiftMigration = 0800;
						SystemCapabilities = {
							com.apple.Push = {
								enabled = 0;
							};
						};
					};
					B91950971D4D2806001BCA5F = {
						CreatedOnToolsVersion = 7.3.1;
						LastSwiftMigration = 0800;
						TestTargetID = B91950831D4D2806001BCA5F;
					};
					B91950A21D4D2806001BCA5F = {
						CreatedOnToolsVersion = 7.3.1;
						LastSwiftMigration = 0800;
						TestTargetID = B91950831D4D2806001BCA5F;
					};
				};
			};
			buildConfigurationList = B919507F1D4D2806001BCA5F /* Build configuration list for PBXProject "FirebaseDatabase" */;
			compatibilityVersion = "Xcode 3.2";
			developmentRegion = English;
			hasScannedForEncodings = 0;
			knownRegions = (
				en,
				Base,
			);
			mainGroup = B919507B1D4D2806001BCA5F;
			productRefGroup = B91950851D4D2806001BCA5F /* Products */;
			projectDirPath = "";
			projectRoot = "";
			targets = (
				B91950831D4D2806001BCA5F /* FirebaseDatabase */,
				B91950971D4D2806001BCA5F /* FirebaseDatabaseTests */,
				B91950A21D4D2806001BCA5F /* FirebaseDatabaseUITests */,
			);
		};
/* End PBXProject section */

/* Begin PBXResourcesBuildPhase section */
		B91950821D4D2806001BCA5F /* Resources */ = {
			isa = PBXResourcesBuildPhase;
			buildActionMask = 2147483647;
			files = (
				B91950921D4D2806001BCA5F /* LaunchScreen.storyboard in Resources */,
				B91950B61D4D287C001BCA5F /* GoogleService-Info.plist in Resources */,
				B919508F1D4D2806001BCA5F /* Assets.xcassets in Resources */,
				B96F120C1D4D5BE600CAD3FB /* Main.storyboard in Resources */,
			);
			runOnlyForDeploymentPostprocessing = 0;
		};
		B91950961D4D2806001BCA5F /* Resources */ = {
			isa = PBXResourcesBuildPhase;
			buildActionMask = 2147483647;
			files = (
			);
			runOnlyForDeploymentPostprocessing = 0;
		};
		B91950A11D4D2806001BCA5F /* Resources */ = {
			isa = PBXResourcesBuildPhase;
			buildActionMask = 2147483647;
			files = (
			);
			runOnlyForDeploymentPostprocessing = 0;
		};
/* End PBXResourcesBuildPhase section */

/* Begin PBXShellScriptBuildPhase section */
		23440C7F23FC24EABAFC36FC /* [CP] Copy Pods Resources */ = {
			isa = PBXShellScriptBuildPhase;
			buildActionMask = 2147483647;
			files = (
			);
			inputPaths = (
			);
			name = "[CP] Copy Pods Resources";
			outputPaths = (
			);
			runOnlyForDeploymentPostprocessing = 0;
			shellPath = /bin/sh;
			shellScript = "\"${SRCROOT}/Pods/Target Support Files/Pods-FirebaseDatabase/Pods-FirebaseDatabase-resources.sh\"\n";
			showEnvVarsInLog = 0;
		};
		E32A3740E9C636A9926F0B4E /* [CP] Check Pods Manifest.lock */ = {
			isa = PBXShellScriptBuildPhase;
			buildActionMask = 2147483647;
			files = (
			);
			inputPaths = (
			);
			name = "[CP] Check Pods Manifest.lock";
			outputPaths = (
			);
			runOnlyForDeploymentPostprocessing = 0;
			shellPath = /bin/sh;
			shellScript = "diff \"${PODS_ROOT}/../Podfile.lock\" \"${PODS_ROOT}/Manifest.lock\" > /dev/null\nif [[ $? != 0 ]] ; then\n    cat << EOM\nerror: The sandbox is not in sync with the Podfile.lock. Run 'pod install' or update your CocoaPods installation.\nEOM\n    exit 1\nfi\n";
			showEnvVarsInLog = 0;
		};
		EB6479151B53C0C5E5AAC13D /* [CP] Embed Pods Frameworks */ = {
			isa = PBXShellScriptBuildPhase;
			buildActionMask = 2147483647;
			files = (
			);
			inputPaths = (
			);
			name = "[CP] Embed Pods Frameworks";
			outputPaths = (
			);
			runOnlyForDeploymentPostprocessing = 0;
			shellPath = /bin/sh;
			shellScript = "\"${SRCROOT}/Pods/Target Support Files/Pods-FirebaseDatabase/Pods-FirebaseDatabase-frameworks.sh\"\n";
			showEnvVarsInLog = 0;
		};
/* End PBXShellScriptBuildPhase section */

/* Begin PBXSourcesBuildPhase section */
		B91950801D4D2806001BCA5F /* Sources */ = {
			isa = PBXSourcesBuildPhase;
			buildActionMask = 2147483647;
			files = (
				B919508A1D4D2806001BCA5F /* ViewController.swift in Sources */,
				B91950881D4D2806001BCA5F /* AppDelegate.swift in Sources */,
			);
			runOnlyForDeploymentPostprocessing = 0;
		};
		B91950941D4D2806001BCA5F /* Sources */ = {
			isa = PBXSourcesBuildPhase;
			buildActionMask = 2147483647;
			files = (
				B919509D1D4D2806001BCA5F /* FirebaseDatabaseTests.swift in Sources */,
			);
			runOnlyForDeploymentPostprocessing = 0;
		};
		B919509F1D4D2806001BCA5F /* Sources */ = {
			isa = PBXSourcesBuildPhase;
			buildActionMask = 2147483647;
			files = (
				B91950A81D4D2806001BCA5F /* FirebaseDatabaseUITests.swift in Sources */,
			);
			runOnlyForDeploymentPostprocessing = 0;
		};
/* End PBXSourcesBuildPhase section */

/* Begin PBXTargetDependency section */
		B919509A1D4D2806001BCA5F /* PBXTargetDependency */ = {
			isa = PBXTargetDependency;
			target = B91950831D4D2806001BCA5F /* FirebaseDatabase */;
			targetProxy = B91950991D4D2806001BCA5F /* PBXContainerItemProxy */;
		};
		B91950A51D4D2806001BCA5F /* PBXTargetDependency */ = {
			isa = PBXTargetDependency;
			target = B91950831D4D2806001BCA5F /* FirebaseDatabase */;
			targetProxy = B91950A41D4D2806001BCA5F /* PBXContainerItemProxy */;
		};
/* End PBXTargetDependency section */

/* Begin PBXVariantGroup section */
		B91950901D4D2806001BCA5F /* LaunchScreen.storyboard */ = {
			isa = PBXVariantGroup;
			children = (
				B91950911D4D2806001BCA5F /* Base */,
			);
			name = LaunchScreen.storyboard;
			sourceTree = "<group>";
		};
		B96F120A1D4D5BE600CAD3FB /* Main.storyboard */ = {
			isa = PBXVariantGroup;
			children = (
				B96F120B1D4D5BE600CAD3FB /* Base */,
			);
			name = Main.storyboard;
			sourceTree = "<group>";
		};
/* End PBXVariantGroup section */

/* Begin XCBuildConfiguration section */
		B91950AA1D4D2806001BCA5F /* Debug */ = {
			isa = XCBuildConfiguration;
			buildSettings = {
				ALWAYS_SEARCH_USER_PATHS = NO;
				CLANG_ANALYZER_NONNULL = YES;
				CLANG_CXX_LANGUAGE_STANDARD = "gnu++0x";
				CLANG_CXX_LIBRARY = "libc++";
				CLANG_ENABLE_MODULES = YES;
				CLANG_ENABLE_OBJC_ARC = YES;
				CLANG_WARN_BOOL_CONVERSION = YES;
				CLANG_WARN_CONSTANT_CONVERSION = YES;
				CLANG_WARN_DIRECT_OBJC_ISA_USAGE = YES_ERROR;
				CLANG_WARN_EMPTY_BODY = YES;
				CLANG_WARN_ENUM_CONVERSION = YES;
				CLANG_WARN_INFINITE_RECURSION = YES;
				CLANG_WARN_INT_CONVERSION = YES;
				CLANG_WARN_OBJC_ROOT_CLASS = YES_ERROR;
				CLANG_WARN_SUSPICIOUS_MOVE = YES;
				CLANG_WARN_UNREACHABLE_CODE = YES;
				CLANG_WARN__DUPLICATE_METHOD_MATCH = YES;
				"CODE_SIGN_IDENTITY[sdk=iphoneos*]" = "iPhone Developer";
				COPY_PHASE_STRIP = NO;
				DEBUG_INFORMATION_FORMAT = dwarf;
				ENABLE_STRICT_OBJC_MSGSEND = YES;
				ENABLE_TESTABILITY = YES;
				GCC_C_LANGUAGE_STANDARD = gnu99;
				GCC_DYNAMIC_NO_PIC = NO;
				GCC_NO_COMMON_BLOCKS = YES;
				GCC_OPTIMIZATION_LEVEL = 0;
				GCC_PREPROCESSOR_DEFINITIONS = (
					"DEBUG=1",
					"$(inherited)",
				);
				GCC_WARN_64_TO_32_BIT_CONVERSION = YES;
				GCC_WARN_ABOUT_RETURN_TYPE = YES_ERROR;
				GCC_WARN_UNDECLARED_SELECTOR = YES;
				GCC_WARN_UNINITIALIZED_AUTOS = YES_AGGRESSIVE;
				GCC_WARN_UNUSED_FUNCTION = YES;
				GCC_WARN_UNUSED_VARIABLE = YES;
				IPHONEOS_DEPLOYMENT_TARGET = 9.3;
				MTL_ENABLE_DEBUG_INFO = YES;
				ONLY_ACTIVE_ARCH = YES;
				SDKROOT = iphoneos;
				SWIFT_OPTIMIZATION_LEVEL = "-Onone";
				TARGETED_DEVICE_FAMILY = "1,2";
			};
			name = Debug;
		};
		B91950AB1D4D2806001BCA5F /* Release */ = {
			isa = XCBuildConfiguration;
			buildSettings = {
				ALWAYS_SEARCH_USER_PATHS = NO;
				CLANG_ANALYZER_NONNULL = YES;
				CLANG_CXX_LANGUAGE_STANDARD = "gnu++0x";
				CLANG_CXX_LIBRARY = "libc++";
				CLANG_ENABLE_MODULES = YES;
				CLANG_ENABLE_OBJC_ARC = YES;
				CLANG_WARN_BOOL_CONVERSION = YES;
				CLANG_WARN_CONSTANT_CONVERSION = YES;
				CLANG_WARN_DIRECT_OBJC_ISA_USAGE = YES_ERROR;
				CLANG_WARN_EMPTY_BODY = YES;
				CLANG_WARN_ENUM_CONVERSION = YES;
				CLANG_WARN_INFINITE_RECURSION = YES;
				CLANG_WARN_INT_CONVERSION = YES;
				CLANG_WARN_OBJC_ROOT_CLASS = YES_ERROR;
				CLANG_WARN_SUSPICIOUS_MOVE = YES;
				CLANG_WARN_UNREACHABLE_CODE = YES;
				CLANG_WARN__DUPLICATE_METHOD_MATCH = YES;
				"CODE_SIGN_IDENTITY[sdk=iphoneos*]" = "iPhone Developer";
				COPY_PHASE_STRIP = NO;
				DEBUG_INFORMATION_FORMAT = "dwarf-with-dsym";
				ENABLE_NS_ASSERTIONS = NO;
				ENABLE_STRICT_OBJC_MSGSEND = YES;
				GCC_C_LANGUAGE_STANDARD = gnu99;
				GCC_NO_COMMON_BLOCKS = YES;
				GCC_WARN_64_TO_32_BIT_CONVERSION = YES;
				GCC_WARN_ABOUT_RETURN_TYPE = YES_ERROR;
				GCC_WARN_UNDECLARED_SELECTOR = YES;
				GCC_WARN_UNINITIALIZED_AUTOS = YES_AGGRESSIVE;
				GCC_WARN_UNUSED_FUNCTION = YES;
				GCC_WARN_UNUSED_VARIABLE = YES;
				IPHONEOS_DEPLOYMENT_TARGET = 9.3;
				MTL_ENABLE_DEBUG_INFO = NO;
				SDKROOT = iphoneos;
				TARGETED_DEVICE_FAMILY = "1,2";
				VALIDATE_PRODUCT = YES;
			};
			name = Release;
		};
		B91950AD1D4D2806001BCA5F /* Debug */ = {
			isa = XCBuildConfiguration;
			baseConfigurationReference = 077B20F0AD13E1422076AF4F /* Pods-FirebaseDatabase.debug.xcconfig */;
			buildSettings = {
				ASSETCATALOG_COMPILER_APPICON_NAME = AppIcon;
				INFOPLIST_FILE = FirebaseDatabase/Info.plist;
				LD_RUNPATH_SEARCH_PATHS = "$(inherited) @executable_path/Frameworks";
				PRODUCT_BUNDLE_IDENTIFIER = "com.Julian-Abhari.FirebaseDatabase";
				PRODUCT_NAME = "$(TARGET_NAME)";
				SWIFT_VERSION = 3.0;
			};
			name = Debug;
		};
		B91950AE1D4D2806001BCA5F /* Release */ = {
			isa = XCBuildConfiguration;
			baseConfigurationReference = 1388EB09BDF7066F6FAE76C2 /* Pods-FirebaseDatabase.release.xcconfig */;
			buildSettings = {
				ASSETCATALOG_COMPILER_APPICON_NAME = AppIcon;
				INFOPLIST_FILE = FirebaseDatabase/Info.plist;
				LD_RUNPATH_SEARCH_PATHS = "$(inherited) @executable_path/Frameworks";
				PRODUCT_BUNDLE_IDENTIFIER = "com.Julian-Abhari.FirebaseDatabase";
				PRODUCT_NAME = "$(TARGET_NAME)";
				SWIFT_OPTIMIZATION_LEVEL = "-Owholemodule";
				SWIFT_VERSION = 3.0;
			};
			name = Release;
		};
		B91950B01D4D2806001BCA5F /* Debug */ = {
			isa = XCBuildConfiguration;
			buildSettings = {
				BUNDLE_LOADER = "$(TEST_HOST)";
				INFOPLIST_FILE = FirebaseDatabaseTests/Info.plist;
				LD_RUNPATH_SEARCH_PATHS = "$(inherited) @executable_path/Frameworks @loader_path/Frameworks";
				PRODUCT_BUNDLE_IDENTIFIER = "com.Julian-Abhari.FirebaseDatabaseTests";
				PRODUCT_NAME = "$(TARGET_NAME)";
				SWIFT_VERSION = 3.0;
				TEST_HOST = "$(BUILT_PRODUCTS_DIR)/FirebaseDatabase.app/FirebaseDatabase";
			};
			name = Debug;
		};
		B91950B11D4D2806001BCA5F /* Release */ = {
			isa = XCBuildConfiguration;
			buildSettings = {
				BUNDLE_LOADER = "$(TEST_HOST)";
				INFOPLIST_FILE = FirebaseDatabaseTests/Info.plist;
				LD_RUNPATH_SEARCH_PATHS = "$(inherited) @executable_path/Frameworks @loader_path/Frameworks";
				PRODUCT_BUNDLE_IDENTIFIER = "com.Julian-Abhari.FirebaseDatabaseTests";
				PRODUCT_NAME = "$(TARGET_NAME)";
				SWIFT_OPTIMIZATION_LEVEL = "-Owholemodule";
				SWIFT_VERSION = 3.0;
				TEST_HOST = "$(BUILT_PRODUCTS_DIR)/FirebaseDatabase.app/FirebaseDatabase";
			};
			name = Release;
		};
		B91950B31D4D2806001BCA5F /* Debug */ = {
			isa = XCBuildConfiguration;
			buildSettings = {
				INFOPLIST_FILE = FirebaseDatabaseUITests/Info.plist;
				LD_RUNPATH_SEARCH_PATHS = "$(inherited) @executable_path/Frameworks @loader_path/Frameworks";
				PRODUCT_BUNDLE_IDENTIFIER = "com.Julian-Abhari.FirebaseDatabaseUITests";
				PRODUCT_NAME = "$(TARGET_NAME)";
				SWIFT_VERSION = 3.0;
				TEST_TARGET_NAME = FirebaseDatabase;
			};
			name = Debug;
		};
		B91950B41D4D2806001BCA5F /* Release */ = {
			isa = XCBuildConfiguration;
			buildSettings = {
				INFOPLIST_FILE = FirebaseDatabaseUITests/Info.plist;
				LD_RUNPATH_SEARCH_PATHS = "$(inherited) @executable_path/Frameworks @loader_path/Frameworks";
				PRODUCT_BUNDLE_IDENTIFIER = "com.Julian-Abhari.FirebaseDatabaseUITests";
				PRODUCT_NAME = "$(TARGET_NAME)";
				SWIFT_OPTIMIZATION_LEVEL = "-Owholemodule";
				SWIFT_VERSION = 3.0;
				TEST_TARGET_NAME = FirebaseDatabase;
			};
			name = Release;
		};
/* End XCBuildConfiguration section */

/* Begin XCConfigurationList section */
		B919507F1D4D2806001BCA5F /* Build configuration list for PBXProject "FirebaseDatabase" */ = {
			isa = XCConfigurationList;
			buildConfigurations = (
				B91950AA1D4D2806001BCA5F /* Debug */,
				B91950AB1D4D2806001BCA5F /* Release */,
			);
			defaultConfigurationIsVisible = 0;
			defaultConfigurationName = Release;
		};
		B91950AC1D4D2806001BCA5F /* Build configuration list for PBXNativeTarget "FirebaseDatabase" */ = {
			isa = XCConfigurationList;
			buildConfigurations = (
				B91950AD1D4D2806001BCA5F /* Debug */,
				B91950AE1D4D2806001BCA5F /* Release */,
			);
			defaultConfigurationIsVisible = 0;
			defaultConfigurationName = Release;
		};
		B91950AF1D4D2806001BCA5F /* Build configuration list for PBXNativeTarget "FirebaseDatabaseTests" */ = {
			isa = XCConfigurationList;
			buildConfigurations = (
				B91950B01D4D2806001BCA5F /* Debug */,
				B91950B11D4D2806001BCA5F /* Release */,
			);
			defaultConfigurationIsVisible = 0;
			defaultConfigurationName = Release;
		};
		B91950B21D4D2806001BCA5F /* Build configuration list for PBXNativeTarget "FirebaseDatabaseUITests" */ = {
			isa = XCConfigurationList;
			buildConfigurations = (
				B91950B31D4D2806001BCA5F /* Debug */,
				B91950B41D4D2806001BCA5F /* Release */,
			);
			defaultConfigurationIsVisible = 0;
			defaultConfigurationName = Release;
		};
/* End XCConfigurationList section */
	};
	rootObject = B919507C1D4D2806001BCA5F /* Project object */;
}
